schema: '2.0'
stages:
  data_ingestion:
    cmd: python src/data/data_ingestion.py
    deps:
    - path: src/data/data_ingestion.py
      hash: md5
      md5: 75f4ffd44ddace622ff53c38c29995c8
      size: 3502
    params:
      params.yaml:
        data_ingestion.test_size: 0.43
    outs:
    - path: data/raw
      hash: md5
      md5: d1104bc1d179721393fe1ab836df03bf.dir
      size: 827973
      nfiles: 2
  data_preprocessing:
    cmd: python src/data/data_preprocessing.py
    deps:
    - path: data/raw
      hash: md5
      md5: d1104bc1d179721393fe1ab836df03bf.dir
      size: 827973
      nfiles: 2
    - path: src/data/data_preprocessing.py
      hash: md5
      md5: fe5d43db8af182dd440d0b20ef8b93aa
      size: 3965
    outs:
    - path: data/interim
      hash: md5
      md5: e4528c0365b2d441a92517d1ecb953a3.dir
      size: 566210
      nfiles: 2
  feature_engineering:
    cmd: python src/features/feature_engineering.py
    deps:
    - path: data/interim
      hash: md5
      md5: e4528c0365b2d441a92517d1ecb953a3.dir
      size: 566210
      nfiles: 2
    - path: src/features/feature_engineering.py
      hash: md5
      md5: a5f8b7cdb58b8d446da2967ccdbe08a2
      size: 3863
    params:
      params.yaml:
        feature_engineering.max_features: 5400
    outs:
    - path: data/processed
      hash: md5
      md5: b1e61fae9c7d29fc3d02cda632970ea9.dir
      size: 112122116
      nfiles: 2
  model_building:
    cmd: python src/models/model_building.py
    deps:
    - path: data/processed
      hash: md5
      md5: b1e61fae9c7d29fc3d02cda632970ea9.dir
      size: 112122116
      nfiles: 2
    - path: src/models/model_building.py
      hash: md5
      md5: 5b265ecb378ac633888abd6887cb1208
      size: 2344
    outs:
    - path: models/model.pkl
      hash: md5
      md5: 793d97d579578f4602c73ac052d0baa9
      size: 43917
  model_evaluation:
    cmd: python src/models/model_evaluation.py
    deps:
    - path: models/model.pkl
      hash: md5
      md5: 793d97d579578f4602c73ac052d0baa9
      size: 43917
    - path: src/models/model_evaluation.py
      hash: md5
      md5: ef2769eac080817d55f7b1add94bbaf6
      size: 5548
    outs:
    - path: reports/experiment_info.json
      hash: md5
      md5: 4e28fb2ed56adf9c46152b2389cf5ddb
      size: 82
    - path: reports/metrics.json
      hash: md5
      md5: eaa2155d40c086ac860591f523e842de
      size: 135
  model_registration:
    cmd: python src/models/register_model.py
    deps:
    - path: reports/experiment_info.json
      hash: md5
      md5: 4e28fb2ed56adf9c46152b2389cf5ddb
      size: 82
    - path: src/models/register_model.py
      hash: md5
      md5: 436a51772c17497abd1896b8035e1932
      size: 2790
